<?xml version="1.0" encoding="UTF-8" standalone="yes" ?>
<CodeBlocks_project_file>
	<FileVersion major="1" minor="6" />
	<Project>
		<Option title="libvncserver" />
		<Option pch_mode="2" />
		<Option compiler="gcc" />
		<Build>
			<Target title="Debug">
				<Option output="vncserver" prefix_auto="1" extension_auto="1" />
				<Option object_output="obj/Debug/" />
				<Option type="3" />
				<Option compiler="gcc" />
				<Option createDefFile="1" />
				<Compiler>
					<Add option="-g" />
					<Add directory="../../libvncserver" />
					<Add directory="../common" />
				</Compiler>
				<Linker>
					<Add library="turbojpeg" />
					<Add library="z" />
				</Linker>
				<ExtraCommands>
					<Add before="install -d _T($(TARGET_COMPILER_DIR)/include/rfb)" />
					<Add before="$(CMD_CP)  $(PROJECT_DIR)..$(SEP)rfb$(SEP)rfb.h $(TARGET_COMPILER_DIR)include$(SEP)rfb$(SEP)" />
					<Add before="$(CMD_CP)  $(PROJECT_DIR)..$(SEP)rfb$(SEP)rfbproto.h $(TARGET_COMPILER_DIR)include$(SEP)rfb$(SEP)" />
					<Add before="$(CMD_CP)  $(PROJECT_DIR)..$(SEP)rfb$(SEP)win-config.h $(TARGET_COMPILER_DIR)include$(SEP)rfb$(SEP)" />
					<Add before="$(CMD_CP)  $(PROJECT_DIR)..$(SEP)rfb$(SEP)rfb.h $(TARGET_COMPILER_DIR)include$(SEP)altomaltes$(SEP)rfb$(SEP)" />
					<Add before="install -d $(TARGET_COMPILER_DIR)include$(SEP)rfb" />
					<Mode after="always" />
				</ExtraCommands>
			</Target>
			<Target title="Release">
				<Option output="libvncserver" prefix_auto="1" extension_auto="1" />
				<Option object_output="obj/Release/" />
				<Option type="1" />
				<Option compiler="gcc" />
				<Compiler>
					<Add option="-O2" />
				</Compiler>
				<Linker>
					<Add option="-s" />
					<Add library="turbojpeg" />
					<Add library="z" />
				</Linker>
			</Target>
			<Target title="static">
				<Option output="vncserver" prefix_auto="1" extension_auto="1" />
				<Option working_dir="" />
				<Option object_output="obj/Debug/" />
				<Option type="2" />
				<Option compiler="gcc" />
				<Option createDefFile="1" />
				<Compiler>
					<Add option="-g" />
					<Add directory="../../libvncserver" />
					<Add directory="../common" />
				</Compiler>
				<Linker>
					<Add library="turbojpeg" />
					<Add library="z" />
				</Linker>
				<ExtraCommands>
					<Add before="install -d $(TARGET_COMPILER_DIR)/include/rfb" />
					<Add before="$(CMD_CP)  $(PROJECT_DIR)../rfb/win-config.h $(TARGET_COMPILER_DIR)include/rfb/" />
					<Add before="$(CMD_CP)  $(PROJECT_DIR)../rfb/rfb.h           $(TARGET_COMPILER_DIR)include/rfb/" />
					<Add before="$(CMD_CP)  $(PROJECT_DIR)../rfb/rfbproto.h   $(TARGET_COMPILER_DIR)include/rfb/" />
					<Add after='$(CMD_CP)  $(TARGET_OUTPUT_FILE)  [[if (PLATFORM == PLATFORM_MSW) print(_T(&quot;$(SystemRoot)\\system32&quot;)) else print(_T(&quot;/usr/local/lib&quot;));]]' />
				</ExtraCommands>
			</Target>
			<Target title="shared">
				<Option platforms="Windows;" />
				<Option output="$(TARGET_COMPILER_DIR)/lib/vncasync" prefix_auto="0" extension_auto="1" />
				<Option object_output="obj/Debug/" />
				<Option type="3" />
				<Option compiler="gcc" />
				<Option createDefFile="1" />
				<Option createStaticLib="1" />
				<Compiler>
					<Add option="-fPIC" />
					<Add option="-g" />
				</Compiler>
				<Linker>
					<Add library="jpeg" />
					<Add library="z" />
				</Linker>
				<ExtraCommands>
					<Add after='$(CMD_CP)  $(TARGET_OUTPUT_FILE)  [[if (PLATFORM == PLATFORM_MSW) print(_T(&quot;$(SystemRoot)\\system32&quot;)) else print(_T(&quot;/usr/local/lib&quot;));]]' />
					<Mode after="always" />
				</ExtraCommands>
			</Target>
		</Build>
		<Compiler>
			<Add option="-Wall" />
			<Add directory="../../libvncserver" />
			<Add directory="../common" />
			<Add directory="../rfb" />
			<Add directory=".." />
		</Compiler>
		<Unit filename="../common/base64.c">
			<Option compilerVar="CC" />
			<Option target="&lt;{~None~}&gt;" />
		</Unit>
		<Unit filename="../common/base64.h" />
		<Unit filename="../common/d3des.c">
			<Option compilerVar="CC" />
		</Unit>
		<Unit filename="../common/d3des.h" />
		<Unit filename="../common/lzoconf.h" />
		<Unit filename="../common/lzodefs.h" />
		<Unit filename="../common/md5.c">
			<Option compilerVar="CC" />
		</Unit>
		<Unit filename="../common/md5.h" />
		<Unit filename="../common/minilzo.c">
			<Option compilerVar="CC" />
		</Unit>
		<Unit filename="../common/minilzo.h" />
		<Unit filename="../common/rfbcrypto.h" />
		<Unit filename="../common/rfbcrypto_included.c">
			<Option compilerVar="CC" />
			<Option compile="0" />
			<Option link="0" />
		</Unit>
		<Unit filename="../common/rfbcrypto_libgcrypt.c">
			<Option compilerVar="CC" />
			<Option target="&lt;{~None~}&gt;" />
		</Unit>
		<Unit filename="../common/rfbcrypto_openssl.c">
			<Option compilerVar="CC" />
			<Option target="&lt;{~None~}&gt;" />
		</Unit>
		<Unit filename="../common/sha-private.h" />
		<Unit filename="../common/sha.h" />
		<Unit filename="../common/sha1.c">
			<Option compilerVar="CC" />
		</Unit>
		<Unit filename="../common/turbojpeg.c">
			<Option compilerVar="CC" />
		</Unit>
		<Unit filename="../common/turbojpeg.h" />
		<Unit filename="../common/vncauth.c">
			<Option compilerVar="CC" />
		</Unit>
		<Unit filename="../common/zywrletemplate.c">
			<Option compilerVar="CC" />
		</Unit>
		<Unit filename="../examples/example.c">
			<Option compilerVar="CC" />
			<Option target="&lt;{~None~}&gt;" />
		</Unit>
		<Unit filename="../libvncserver/auth.c">
			<Option compilerVar="CC" />
		</Unit>
		<Unit filename="../libvncserver/cargs.c">
			<Option compilerVar="CC" />
		</Unit>
		<Unit filename="../libvncserver/corre.c">
			<Option compilerVar="CC" />
		</Unit>
		<Unit filename="../libvncserver/cursor.c">
			<Option compilerVar="CC" />
		</Unit>
		<Unit filename="../libvncserver/cutpaste.c">
			<Option compilerVar="CC" />
		</Unit>
		<Unit filename="../libvncserver/draw.c">
			<Option compilerVar="CC" />
		</Unit>
		<Unit filename="../libvncserver/font.c">
			<Option compilerVar="CC" />
		</Unit>
		<Unit filename="../libvncserver/hextile.c">
			<Option compilerVar="CC" />
		</Unit>
		<Unit filename="../libvncserver/main.c">
			<Option compilerVar="CC" />
		</Unit>
		<Unit filename="../libvncserver/rfbregion.c">
			<Option compilerVar="CC" />
		</Unit>
		<Unit filename="../libvncserver/rfbserver.c">
			<Option compilerVar="CC" />
		</Unit>
		<Unit filename="../libvncserver/rfbssl_gnutls.c">
			<Option compilerVar="CC" />
			<Option target="&lt;{~None~}&gt;" />
		</Unit>
		<Unit filename="../libvncserver/rfbssl_none.c">
			<Option compilerVar="CC" />
		</Unit>
		<Unit filename="../libvncserver/rfbssl_openssl.c">
			<Option compilerVar="CC" />
			<Option target="&lt;{~None~}&gt;" />
		</Unit>
		<Unit filename="../libvncserver/rre.c">
			<Option compilerVar="CC" />
		</Unit>
		<Unit filename="../libvncserver/scale.c">
			<Option compilerVar="CC" />
		</Unit>
		<Unit filename="../libvncserver/selbox.c">
			<Option compilerVar="CC" />
		</Unit>
		<Unit filename="../libvncserver/stats.c">
			<Option compilerVar="CC" />
		</Unit>
		<Unit filename="../libvncserver/tableinit24.c">
			<Option compilerVar="CC" />
			<Option target="&lt;{~None~}&gt;" />
		</Unit>
		<Unit filename="../libvncserver/tableinitcmtemplate.c">
			<Option compilerVar="CC" />
			<Option target="&lt;{~None~}&gt;" />
		</Unit>
		<Unit filename="../libvncserver/tableinittctemplate.c">
			<Option compilerVar="CC" />
			<Option target="&lt;{~None~}&gt;" />
		</Unit>
		<Unit filename="../libvncserver/tabletrans24template.c">
			<Option compilerVar="CC" />
			<Option target="&lt;{~None~}&gt;" />
		</Unit>
		<Unit filename="../libvncserver/tabletranstemplate.c">
			<Option compilerVar="CC" />
			<Option target="&lt;{~None~}&gt;" />
		</Unit>
		<Unit filename="../libvncserver/tight.c">
			<Option compilerVar="CC" />
			<Option target="&lt;{~None~}&gt;" />
		</Unit>
		<Unit filename="../libvncserver/translate.c">
			<Option compilerVar="CC" />
		</Unit>
		<Unit filename="../libvncserver/ultra.c">
			<Option compilerVar="CC" />
		</Unit>
		<Unit filename="../libvncserver/ws_decode.c">
			<Option compilerVar="CC" />
			<Option target="&lt;{~None~}&gt;" />
		</Unit>
		<Unit filename="../libvncserver/zlib.c">
			<Option compilerVar="CC" />
		</Unit>
		<Unit filename="../libvncserver/zrle.c">
			<Option compilerVar="CC" />
		</Unit>
		<Unit filename="../libvncserver/zrleencodetemplate.c">
			<Option compilerVar="CC" />
			<Option target="&lt;{~None~}&gt;" />
		</Unit>
		<Unit filename="../libvncserver/zrleoutstream.c">
			<Option compilerVar="CC" />
		</Unit>
		<Unit filename="../libvncserver/zrlepalettehelper.c">
			<Option compilerVar="CC" />
		</Unit>
		<Unit filename="../rfb/default8x16.h" />
		<Unit filename="../rfb/keysym.h" />
		<Unit filename="../rfb/rfb.h" />
		<Unit filename="../rfb/rfbclient.h" />
		<Unit filename="../rfb/rfbproto.h" />
		<Unit filename="../rfb/rfbregion.h" />
		<Unit filename="../rfb/win-config.h" />
		<Extensions>
			<code_completion />
			<envvars />
			<debugger />
			<lib_finder disable_auto="1" />
		</Extensions>
	</Project>
</CodeBlocks_project_file>
